
Microsoft Visual Studio Solution File, Format Version 12.00
# Visual Studio Version 17
VisualStudioVersion = 17.0.32112.339
MinimumVisualStudioVersion = 10.0.40219.1
Project("{FAE04EC0-301F-11D3-BF4B-00C04F79EFBC}") = "LinkedListStack", "LinkedListStack.csproj", "{DB64826A-D370-4FBB-A61A-6D5D1878FB29}"
EndProject
Global
	GlobalSection(SolutionConfigurationPlatforms) = preSolution
		Debug|Any CPU = Debug|Any CPU
		Release|Any CPU = Release|Any CPU
	EndGlobalSection
	GlobalSection(ProjectConfigurationPlatforms) = postSolution
		{DB64826A-D370-4FBB-A61A-6D5D1878FB29}.Debug|Any CPU.ActiveCfg = Debug|Any CPU
		{DB64826A-D370-4FBB-A61A-6D5D1878FB29}.Debug|Any CPU.Build.0 = Debug|Any CPU
		{DB64826A-D370-4FBB-A61A-6D5D1878FB29}.Release|Any CPU.ActiveCfg = Release|Any CPU
		{DB64826A-D370-4FBB-A61A-6D5D1878FB29}.Release|Any CPU.Build.0 = Release|Any CPU
	EndGlobalSection
	GlobalSection(SolutionProperties) = preSolution
		HideSolutionNode = FALSE
	EndGlobalSection
	GlobalSection(ExtensibilityGlobals) = postSolution
		SolutionGuid = {8BEE1EF9-6508-4F48-B2F9-1F32662881BB}
	EndGlobalSection
EndGlobal
